
Microsoft Visual Studio Solution File, Format Version 12.00
# Visual Studio Version 16
VisualStudioVersion = 16.0.31729.503
MinimumVisualStudioVersion = 10.0.40219.1
Project("{FAE04EC0-301F-11D3-BF4B-00C04F79EFBC}") = "Peliculas.Server", "Server\Peliculas.Server.csproj", "{0B39231E-A506-4009-B431-681AB6A1A541}"
EndProject
Project("{FAE04EC0-301F-11D3-BF4B-00C04F79EFBC}") = "Peliculas.Client", "Client\Peliculas.Client.csproj", "{039201E7-BE32-4401-A436-981C0A8EC037}"
EndProject
Project("{FAE04EC0-301F-11D3-BF4B-00C04F79EFBC}") = "Peliculas.Shared", "Shared\Peliculas.Shared.csproj", "{AC09199C-31C8-4DDA-9FE6-55B2A3F7855C}"
EndProject
Global
	GlobalSection(SolutionConfigurationPlatforms) = preSolution
		Debug|Any CPU = Debug|Any CPU
		Release|Any CPU = Release|Any CPU
	EndGlobalSection
	GlobalSection(ProjectConfigurationPlatforms) = postSolution
		{0B39231E-A506-4009-B431-681AB6A1A541}.Debug|Any CPU.ActiveCfg = Debug|Any CPU
		{0B39231E-A506-4009-B431-681AB6A1A541}.Debug|Any CPU.Build.0 = Debug|Any CPU
		{0B39231E-A506-4009-B431-681AB6A1A541}.Release|Any CPU.ActiveCfg = Release|Any CPU
		{0B39231E-A506-4009-B431-681AB6A1A541}.Release|Any CPU.Build.0 = Release|Any CPU
		{039201E7-BE32-4401-A436-981C0A8EC037}.Debug|Any CPU.ActiveCfg = Debug|Any CPU
		{039201E7-BE32-4401-A436-981C0A8EC037}.Debug|Any CPU.Build.0 = Debug|Any CPU
		{039201E7-BE32-4401-A436-981C0A8EC037}.Release|Any CPU.ActiveCfg = Release|Any CPU
		{039201E7-BE32-4401-A436-981C0A8EC037}.Release|Any CPU.Build.0 = Release|Any CPU
		{AC09199C-31C8-4DDA-9FE6-55B2A3F7855C}.Debug|Any CPU.ActiveCfg = Debug|Any CPU
		{AC09199C-31C8-4DDA-9FE6-55B2A3F7855C}.Debug|Any CPU.Build.0 = Debug|Any CPU
		{AC09199C-31C8-4DDA-9FE6-55B2A3F7855C}.Release|Any CPU.ActiveCfg = Release|Any CPU
		{AC09199C-31C8-4DDA-9FE6-55B2A3F7855C}.Release|Any CPU.Build.0 = Release|Any CPU
	EndGlobalSection
	GlobalSection(SolutionProperties) = preSolution
		HideSolutionNode = FALSE
	EndGlobalSection
	GlobalSection(ExtensibilityGlobals) = postSolution
		SolutionGuid = {AB9A1B81-F98B-42B2-BF49-DCA9C7BED7CE}
	EndGlobalSection
EndGlobal
